
Microsoft Visual Studio Solution File, Format Version 12.00
# Visual Studio 15
Project("{FAE04EC0-301F-11D3-BF4B-00C04F79EFBC}") = "UnityEngine.TestRunner", "UnityEngine.TestRunner.csproj", "{962659FA-DE77-5A83-B7E7-E5B0BF1DC7E9}"
EndProject
Project("{FAE04EC0-301F-11D3-BF4B-00C04F79EFBC}") = "UnityEngine.UI", "UnityEngine.UI.csproj", "{84DE87A4-B725-9BD4-CFCD-7072FEEB40B3}"
EndProject
Project("{FAE04EC0-301F-11D3-BF4B-00C04F79EFBC}") = "Unity.VisualScripting.Flow", "Unity.VisualScripting.Flow.csproj", "{BEE4515F-CD42-856E-02F3-A5D1CB64426B}"
EndProject
Project("{FAE04EC0-301F-11D3-BF4B-00C04F79EFBC}") = "Unity.Services.Core.Telemetry", "Unity.Services.Core.Telemetry.csproj", "{B338DD2A-2E79-0D07-60C9-7FE72A52F253}"
EndProject
Project("{FAE04EC0-301F-11D3-BF4B-00C04F79EFBC}") = "Unity.VisualScripting.State", "Unity.VisualScripting.State.csproj", "{8461A645-F55D-644C-B62F-2C9E20EEA503}"
EndProject
Project("{FAE04EC0-301F-11D3-BF4B-00C04F79EFBC}") = "Unity.VisualScripting.Core", "Unity.VisualScripting.Core.csproj", "{9B2F8C9C-663B-535D-FE0C-A06182EBBE63}"
EndProject
Project("{FAE04EC0-301F-11D3-BF4B-00C04F79EFBC}") = "Unity.Services.Core.Environments.Internal", "Unity.Services.Core.Environments.Internal.csproj", "{8FDD361F-68EE-5860-3E11-A65A65F215FF}"
EndProject
Project("{FAE04EC0-301F-11D3-BF4B-00C04F79EFBC}") = "Unity.TextMeshPro", "Unity.TextMeshPro.csproj", "{A8C6F682-74D5-B2A6-3933-18AF5A64754B}"
EndProject
Project("{FAE04EC0-301F-11D3-BF4B-00C04F79EFBC}") = "Unity.Timeline", "Unity.Timeline.csproj", "{3358235D-C36F-B475-5534-1C7EE52A531A}"
EndProject
Project("{FAE04EC0-301F-11D3-BF4B-00C04F79EFBC}") = "Unity.Services.Core", "Unity.Services.Core.csproj", "{D4EA32A7-2AFE-E2CE-8B88-326EC515095F}"
EndProject
Project("{FAE04EC0-301F-11D3-BF4B-00C04F79EFBC}") = "Unity.Services.Core.Environments", "Unity.Services.Core.Environments.csproj", "{A9CD1BAD-4604-E325-7785-F9882918EBFF}"
EndProject
Project("{FAE04EC0-301F-11D3-BF4B-00C04F79EFBC}") = "Unity.Services.Core.Internal", "Unity.Services.Core.Internal.csproj", "{1EAADE56-DE70-3425-09E7-FD9E39BBE6C0}"
EndProject
Project("{FAE04EC0-301F-11D3-BF4B-00C04F79EFBC}") = "Unity.Services.Core.Analytics", "Unity.Services.Core.Analytics.csproj", "{3A83735F-FB6A-C0D1-7F43-FF6039AE73AB}"
EndProject
Project("{FAE04EC0-301F-11D3-BF4B-00C04F79EFBC}") = "Unity.Services.Core.Scheduler", "Unity.Services.Core.Scheduler.csproj", "{DD179C16-0E24-B14D-A225-054D70BEFDDF}"
EndProject
Project("{FAE04EC0-301F-11D3-BF4B-00C04F79EFBC}") = "Unity.Services.Core.Registration", "Unity.Services.Core.Registration.csproj", "{84721A3B-5D93-9835-764B-E63F6DE8754B}"
EndProject
Project("{FAE04EC0-301F-11D3-BF4B-00C04F79EFBC}") = "Unity.Services.Core.Device", "Unity.Services.Core.Device.csproj", "{3CAA7F43-0189-B481-BBC7-72FAEA62BB0D}"
EndProject
Project("{FAE04EC0-301F-11D3-BF4B-00C04F79EFBC}") = "Unity.Services.Core.Threading", "Unity.Services.Core.Threading.csproj", "{AF8BDA2E-0620-03B9-0993-D16D0EC4B0BB}"
EndProject
Project("{FAE04EC0-301F-11D3-BF4B-00C04F79EFBC}") = "Unity.Services.Core.Networking", "Unity.Services.Core.Networking.csproj", "{71156D39-0669-8077-0E72-9E849354C854}"
EndProject
Project("{FAE04EC0-301F-11D3-BF4B-00C04F79EFBC}") = "Unity.Services.Core.Configuration", "Unity.Services.Core.Configuration.csproj", "{B5CA53CD-AE3F-169A-5DED-183B1615B897}"
EndProject
Project("{FAE04EC0-301F-11D3-BF4B-00C04F79EFBC}") = "Unity.PlasticSCM.Editor", "Unity.PlasticSCM.Editor.csproj", "{78ECF307-9DB8-0627-34A5-068DC8AA4D31}"
EndProject
Project("{FAE04EC0-301F-11D3-BF4B-00C04F79EFBC}") = "Unity.VisualScripting.Core.Editor", "Unity.VisualScripting.Core.Editor.csproj", "{C5E45114-3B85-52E8-A350-BA25AB45A802}"
EndProject
Project("{FAE04EC0-301F-11D3-BF4B-00C04F79EFBC}") = "Unity.VisualScripting.Flow.Editor", "Unity.VisualScripting.Flow.Editor.csproj", "{273D96C2-B9E8-7AF7-AD22-D7A2ABD23F1F}"
EndProject
Project("{FAE04EC0-301F-11D3-BF4B-00C04F79EFBC}") = "Unity.VisualStudio.Editor", "Unity.VisualStudio.Editor.csproj", "{2AFC1E7A-260E-6469-4571-56490F12AA8B}"
EndProject
Project("{FAE04EC0-301F-11D3-BF4B-00C04F79EFBC}") = "Unity.Timeline.Editor", "Unity.Timeline.Editor.csproj", "{42F70D69-5B25-31AF-7740-324CE31CC6E6}"
EndProject
Project("{FAE04EC0-301F-11D3-BF4B-00C04F79EFBC}") = "Unity.VisualScripting.State.Editor", "Unity.VisualScripting.State.Editor.csproj", "{25D9EFA8-7508-59FB-9CB9-C506F02C4C36}"
EndProject
Project("{FAE04EC0-301F-11D3-BF4B-00C04F79EFBC}") = "Unity.TextMeshPro.Editor", "Unity.TextMeshPro.Editor.csproj", "{41FF97D9-80FE-F729-9A80-50DEAA373F8E}"
EndProject
Project("{FAE04EC0-301F-11D3-BF4B-00C04F79EFBC}") = "Unity.VisualScripting.SettingsProvider.Editor", "Unity.VisualScripting.SettingsProvider.Editor.csproj", "{793ABCB4-02C6-FC58-7B79-E939E842E13A}"
EndProject
Project("{FAE04EC0-301F-11D3-BF4B-00C04F79EFBC}") = "Unity.CollabProxy.Editor", "Unity.CollabProxy.Editor.csproj", "{424242B1-A5F0-9B46-8D45-E058BEEE9CB9}"
EndProject
Project("{FAE04EC0-301F-11D3-BF4B-00C04F79EFBC}") = "UnityEditor.TestRunner", "UnityEditor.TestRunner.csproj", "{115BD9F3-696D-3E9C-313D-366ED19BAC38}"
EndProject
Project("{FAE04EC0-301F-11D3-BF4B-00C04F79EFBC}") = "Unity.Services.Core.Editor", "Unity.Services.Core.Editor.csproj", "{2BCB696E-DAA7-3CB3-0644-2E1AD5C6ACFE}"
EndProject
Project("{FAE04EC0-301F-11D3-BF4B-00C04F79EFBC}") = "Unity.TestTools.CodeCoverage.Editor", "Unity.TestTools.CodeCoverage.Editor.csproj", "{0E27E3AF-9B3A-DE3A-DD8E-00319A5622F2}"
EndProject
Project("{FAE04EC0-301F-11D3-BF4B-00C04F79EFBC}") = "Unity.Rider.Editor", "Unity.Rider.Editor.csproj", "{7B9BE483-3284-8F5C-12E7-B01E8A554920}"
EndProject
Project("{FAE04EC0-301F-11D3-BF4B-00C04F79EFBC}") = "Unity.Performance.Profile-Analyzer.Editor", "Unity.Performance.Profile-Analyzer.Editor.csproj", "{EAFB9E51-94BF-809F-7BB4-D80A1D6BDF9B}"
EndProject
Project("{FAE04EC0-301F-11D3-BF4B-00C04F79EFBC}") = "Unity.VSCode.Editor", "Unity.VSCode.Editor.csproj", "{31A28C82-FC63-6D47-3B72-E390F8E3A017}"
EndProject
Project("{FAE04EC0-301F-11D3-BF4B-00C04F79EFBC}") = "UnityEditor.UI", "UnityEditor.UI.csproj", "{C659943A-05FE-1E1A-6F32-A92EB8E28DDC}"
EndProject
Project("{FAE04EC0-301F-11D3-BF4B-00C04F79EFBC}") = "Unity.TestTools.CodeCoverage.Editor.OpenCover.Model", "Unity.TestTools.CodeCoverage.Editor.OpenCover.Model.csproj", "{9F2D0FD6-3001-5985-F585-6425EB984C15}"
EndProject
Project("{FAE04EC0-301F-11D3-BF4B-00C04F79EFBC}") = "Unity.EditorCoroutines.Editor", "Unity.EditorCoroutines.Editor.csproj", "{298055D8-FE2F-2253-B228-D54FFC65C7DB}"
EndProject
Project("{FAE04EC0-301F-11D3-BF4B-00C04F79EFBC}") = "Unity.Settings.Editor", "Unity.Settings.Editor.csproj", "{0CC3299F-56AC-5594-5F87-90C7A7EA30E3}"
EndProject
Project("{FAE04EC0-301F-11D3-BF4B-00C04F79EFBC}") = "Unity.Services.Core.Configuration.Editor", "Unity.Services.Core.Configuration.Editor.csproj", "{D420E467-6642-36AD-8355-2A53FFA0ECC3}"
EndProject
Project("{FAE04EC0-301F-11D3-BF4B-00C04F79EFBC}") = "Unity.TestTools.CodeCoverage.Editor.OpenCover.Mono.Reflection", "Unity.TestTools.CodeCoverage.Editor.OpenCover.Mono.Reflection.csproj", "{8D50A9BB-9989-132B-44C2-89F39D62D036}"
EndProject
Project("{FAE04EC0-301F-11D3-BF4B-00C04F79EFBC}") = "Unity.VisualScripting.Shared.Editor", "Unity.VisualScripting.Shared.Editor.csproj", "{9A56D1C9-18A5-58C9-D988-0928AD603AB5}"
EndProject
Project("{FAE04EC0-301F-11D3-BF4B-00C04F79EFBC}") = "UnityEngine.TestRunner", "UnityEngine.TestRunner.Player.csproj", "{9BC8E144-9476-D2D7-4FE3-535C94832120}"
EndProject
Project("{FAE04EC0-301F-11D3-BF4B-00C04F79EFBC}") = "UnityEngine.UI", "UnityEngine.UI.Player.csproj", "{BDF896F0-0CD0-4273-DA12-B1A497507CAF}"
EndProject
Project("{FAE04EC0-301F-11D3-BF4B-00C04F79EFBC}") = "Unity.VisualScripting.Flow", "Unity.VisualScripting.Flow.Player.csproj", "{BC6C6059-7A49-FF92-02F8-48DC4732BD67}"
EndProject
Project("{FAE04EC0-301F-11D3-BF4B-00C04F79EFBC}") = "Unity.Services.Core.Telemetry", "Unity.Services.Core.Telemetry.Player.csproj", "{D2240598-83BD-D2EE-EF32-E27263A71282}"
EndProject
Project("{FAE04EC0-301F-11D3-BF4B-00C04F79EFBC}") = "Unity.VisualScripting.State", "Unity.VisualScripting.State.Player.csproj", "{FFDA6819-B5F8-7F8D-1B7D-2BD72DEF12C2}"
EndProject
Project("{FAE04EC0-301F-11D3-BF4B-00C04F79EFBC}") = "Unity.VisualScripting.Core", "Unity.VisualScripting.Core.Player.csproj", "{F8947996-89CD-70ED-79D5-26A2AA604229}"
EndProject
Project("{FAE04EC0-301F-11D3-BF4B-00C04F79EFBC}") = "Unity.Services.Core.Environments.Internal", "Unity.Services.Core.Environments.Internal.Player.csproj", "{B68A5BD3-A9C4-245C-600E-AE1502EA98AB}"
EndProject
Project("{FAE04EC0-301F-11D3-BF4B-00C04F79EFBC}") = "Unity.TextMeshPro", "Unity.TextMeshPro.Player.csproj", "{44CB4F3B-F24C-C081-EB3D-56CC6EEF3CA6}"
EndProject
Project("{FAE04EC0-301F-11D3-BF4B-00C04F79EFBC}") = "Unity.Timeline", "Unity.Timeline.Player.csproj", "{FD56DDEB-4A2F-16DA-F633-983DC604E857}"
EndProject
Project("{FAE04EC0-301F-11D3-BF4B-00C04F79EFBC}") = "Unity.Services.Core", "Unity.Services.Core.Player.csproj", "{28A87548-93A1-AC86-FC62-E254C0523933}"
EndProject
Project("{FAE04EC0-301F-11D3-BF4B-00C04F79EFBC}") = "Unity.Services.Core.Environments", "Unity.Services.Core.Environments.Player.csproj", "{79A8C600-C704-DA08-2BB8-FFCA369478CC}"
EndProject
Project("{FAE04EC0-301F-11D3-BF4B-00C04F79EFBC}") = "Unity.Services.Core.Internal", "Unity.Services.Core.Internal.Player.csproj", "{F184E320-94AF-3AE6-9866-4BFCBCD2BBEF}"
EndProject
Project("{FAE04EC0-301F-11D3-BF4B-00C04F79EFBC}") = "Unity.Services.Core.Analytics", "Unity.Services.Core.Analytics.Player.csproj", "{0C6D2E5B-FD78-900C-7B69-4A0FD38FB64D}"
EndProject
Project("{FAE04EC0-301F-11D3-BF4B-00C04F79EFBC}") = "Unity.Services.Core.Scheduler", "Unity.Services.Core.Scheduler.Player.csproj", "{94B9B605-A42A-4B49-DF4C-E7A40797DF6B}"
EndProject
Project("{FAE04EC0-301F-11D3-BF4B-00C04F79EFBC}") = "Unity.Services.Core.Registration", "Unity.Services.Core.Registration.Player.csproj", "{B83BB6CD-5BE6-5429-B484-14764906EC6D}"
EndProject
Project("{FAE04EC0-301F-11D3-BF4B-00C04F79EFBC}") = "Unity.Services.Core.Device", "Unity.Services.Core.Device.Player.csproj", "{A6E55431-4BD2-3CD1-81EA-237B696A43C8}"
EndProject
Project("{FAE04EC0-301F-11D3-BF4B-00C04F79EFBC}") = "Unity.Services.Core.Threading", "Unity.Services.Core.Threading.Player.csproj", "{A5D5C5A1-D1B2-A867-4760-F1A566E78E11}"
EndProject
Project("{FAE04EC0-301F-11D3-BF4B-00C04F79EFBC}") = "Unity.Services.Core.Networking", "Unity.Services.Core.Networking.Player.csproj", "{25BB0872-1063-FEE4-2F34-B85954A8A4DE}"
EndProject
Project("{FAE04EC0-301F-11D3-BF4B-00C04F79EFBC}") = "Unity.Services.Core.Configuration", "Unity.Services.Core.Configuration.Player.csproj", "{FD8AFA82-987B-F9DC-F682-F534B8B96D6D}"
EndProject
Global
	GlobalSection(SolutionConfigurationPlatforms) = preSolution
		Debug|Any CPU = Debug|Any CPU
		Release|Any CPU = Release|Any CPU
	EndGlobalSection
	GlobalSection(ProjectConfigurationPlatforms) = postSolution
		{962659FA-DE77-5A83-B7E7-E5B0BF1DC7E9}.Debug|Any CPU.ActiveCfg = Debug|Any CPU
		{962659FA-DE77-5A83-B7E7-E5B0BF1DC7E9}.Debug|Any CPU.Build.0 = Debug|Any CPU
		{962659FA-DE77-5A83-B7E7-E5B0BF1DC7E9}.Release|Any CPU.ActiveCfg = Release|Any CPU
		{962659FA-DE77-5A83-B7E7-E5B0BF1DC7E9}.Release|Any CPU.Build.0 = Release|Any CPU
		{84DE87A4-B725-9BD4-CFCD-7072FEEB40B3}.Debug|Any CPU.ActiveCfg = Debug|Any CPU
		{84DE87A4-B725-9BD4-CFCD-7072FEEB40B3}.Debug|Any CPU.Build.0 = Debug|Any CPU
		{84DE87A4-B725-9BD4-CFCD-7072FEEB40B3}.Release|Any CPU.ActiveCfg = Release|Any CPU
		{84DE87A4-B725-9BD4-CFCD-7072FEEB40B3}.Release|Any CPU.Build.0 = Release|Any CPU
		{BEE4515F-CD42-856E-02F3-A5D1CB64426B}.Debug|Any CPU.ActiveCfg = Debug|Any CPU
		{BEE4515F-CD42-856E-02F3-A5D1CB64426B}.Debug|Any CPU.Build.0 = Debug|Any CPU
		{BEE4515F-CD42-856E-02F3-A5D1CB64426B}.Release|Any CPU.ActiveCfg = Release|Any CPU
		{BEE4515F-CD42-856E-02F3-A5D1CB64426B}.Release|Any CPU.Build.0 = Release|Any CPU
		{B338DD2A-2E79-0D07-60C9-7FE72A52F253}.Debug|Any CPU.ActiveCfg = Debug|Any CPU
		{B338DD2A-2E79-0D07-60C9-7FE72A52F253}.Debug|Any CPU.Build.0 = Debug|Any CPU
		{B338DD2A-2E79-0D07-60C9-7FE72A52F253}.Release|Any CPU.ActiveCfg = Release|Any CPU
		{B338DD2A-2E79-0D07-60C9-7FE72A52F253}.Release|Any CPU.Build.0 = Release|Any CPU
		{8461A645-F55D-644C-B62F-2C9E20EEA503}.Debug|Any CPU.ActiveCfg = Debug|Any CPU
		{8461A645-F55D-644C-B62F-2C9E20EEA503}.Debug|Any CPU.Build.0 = Debug|Any CPU
		{8461A645-F55D-644C-B62F-2C9E20EEA503}.Release|Any CPU.ActiveCfg = Release|Any CPU
		{8461A645-F55D-644C-B62F-2C9E20EEA503}.Release|Any CPU.Build.0 = Release|Any CPU
		{9B2F8C9C-663B-535D-FE0C-A06182EBBE63}.Debug|Any CPU.ActiveCfg = Debug|Any CPU
		{9B2F8C9C-663B-535D-FE0C-A06182EBBE63}.Debug|Any CPU.Build.0 = Debug|Any CPU
		{9B2F8C9C-663B-535D-FE0C-A06182EBBE63}.Release|Any CPU.ActiveCfg = Release|Any CPU
		{9B2F8C9C-663B-535D-FE0C-A06182EBBE63}.Release|Any CPU.Build.0 = Release|Any CPU
		{8FDD361F-68EE-5860-3E11-A65A65F215FF}.Debug|Any CPU.ActiveCfg = Debug|Any CPU
		{8FDD361F-68EE-5860-3E11-A65A65F215FF}.Debug|Any CPU.Build.0 = Debug|Any CPU
		{8FDD361F-68EE-5860-3E11-A65A65F215FF}.Release|Any CPU.ActiveCfg = Release|Any CPU
		{8FDD361F-68EE-5860-3E11-A65A65F215FF}.Release|Any CPU.Build.0 = Release|Any CPU
		{A8C6F682-74D5-B2A6-3933-18AF5A64754B}.Debug|Any CPU.ActiveCfg = Debug|Any CPU
		{A8C6F682-74D5-B2A6-3933-18AF5A64754B}.Debug|Any CPU.Build.0 = Debug|Any CPU
		{A8C6F682-74D5-B2A6-3933-18AF5A64754B}.Release|Any CPU.ActiveCfg = Release|Any CPU
		{A8C6F682-74D5-B2A6-3933-18AF5A64754B}.Release|Any CPU.Build.0 = Release|Any CPU
		{3358235D-C36F-B475-5534-1C7EE52A531A}.Debug|Any CPU.ActiveCfg = Debug|Any CPU
		{3358235D-C36F-B475-5534-1C7EE52A531A}.Debug|Any CPU.Build.0 = Debug|Any CPU
		{3358235D-C36F-B475-5534-1C7EE52A531A}.Release|Any CPU.ActiveCfg = Release|Any CPU
		{3358235D-C36F-B475-5534-1C7EE52A531A}.Release|Any CPU.Build.0 = Release|Any CPU
		{D4EA32A7-2AFE-E2CE-8B88-326EC515095F}.Debug|Any CPU.ActiveCfg = Debug|Any CPU
		{D4EA32A7-2AFE-E2CE-8B88-326EC515095F}.Debug|Any CPU.Build.0 = Debug|Any CPU
		{D4EA32A7-2AFE-E2CE-8B88-326EC515095F}.Release|Any CPU.ActiveCfg = Release|Any CPU
		{D4EA32A7-2AFE-E2CE-8B88-326EC515095F}.Release|Any CPU.Build.0 = Release|Any CPU
		{A9CD1BAD-4604-E325-7785-F9882918EBFF}.Debug|Any CPU.ActiveCfg = Debug|Any CPU
		{A9CD1BAD-4604-E325-7785-F9882918EBFF}.Debug|Any CPU.Build.0 = Debug|Any CPU
		{A9CD1BAD-4604-E325-7785-F9882918EBFF}.Release|Any CPU.ActiveCfg = Release|Any CPU
		{A9CD1BAD-4604-E325-7785-F9882918EBFF}.Release|Any CPU.Build.0 = Release|Any CPU
		{1EAADE56-DE70-3425-09E7-FD9E39BBE6C0}.Debug|Any CPU.ActiveCfg = Debug|Any CPU
		{1EAADE56-DE70-3425-09E7-FD9E39BBE6C0}.Debug|Any CPU.Build.0 = Debug|Any CPU
		{1EAADE56-DE70-3425-09E7-FD9E39BBE6C0}.Release|Any CPU.ActiveCfg = Release|Any CPU
		{1EAADE56-DE70-3425-09E7-FD9E39BBE6C0}.Release|Any CPU.Build.0 = Release|Any CPU
		{3A83735F-FB6A-C0D1-7F43-FF6039AE73AB}.Debug|Any CPU.ActiveCfg = Debug|Any CPU
		{3A83735F-FB6A-C0D1-7F43-FF6039AE73AB}.Debug|Any CPU.Build.0 = Debug|Any CPU
		{3A83735F-FB6A-C0D1-7F43-FF6039AE73AB}.Release|Any CPU.ActiveCfg = Release|Any CPU
		{3A83735F-FB6A-C0D1-7F43-FF6039AE73AB}.Release|Any CPU.Build.0 = Release|Any CPU
		{DD179C16-0E24-B14D-A225-054D70BEFDDF}.Debug|Any CPU.ActiveCfg = Debug|Any CPU
		{DD179C16-0E24-B14D-A225-054D70BEFDDF}.Debug|Any CPU.Build.0 = Debug|Any CPU
		{DD179C16-0E24-B14D-A225-054D70BEFDDF}.Release|Any CPU.ActiveCfg = Release|Any CPU
		{DD179C16-0E24-B14D-A225-054D70BEFDDF}.Release|Any CPU.Build.0 = Release|Any CPU
		{84721A3B-5D93-9835-764B-E63F6DE8754B}.Debug|Any CPU.ActiveCfg = Debug|Any CPU
		{84721A3B-5D93-9835-764B-E63F6DE8754B}.Debug|Any CPU.Build.0 = Debug|Any CPU
		{84721A3B-5D93-9835-764B-E63F6DE8754B}.Release|Any CPU.ActiveCfg = Release|Any CPU
		{84721A3B-5D93-9835-764B-E63F6DE8754B}.Release|Any CPU.Build.0 = Release|Any CPU
		{3CAA7F43-0189-B481-BBC7-72FAEA62BB0D}.Debug|Any CPU.ActiveCfg = Debug|Any CPU
		{3CAA7F43-0189-B481-BBC7-72FAEA62BB0D}.Debug|Any CPU.Build.0 = Debug|Any CPU
		{3CAA7F43-0189-B481-BBC7-72FAEA62BB0D}.Release|Any CPU.ActiveCfg = Release|Any CPU
		{3CAA7F43-0189-B481-BBC7-72FAEA62BB0D}.Release|Any CPU.Build.0 = Release|Any CPU
		{AF8BDA2E-0620-03B9-0993-D16D0EC4B0BB}.Debug|Any CPU.ActiveCfg = Debug|Any CPU
		{AF8BDA2E-0620-03B9-0993-D16D0EC4B0BB}.Debug|Any CPU.Build.0 = Debug|Any CPU
		{AF8BDA2E-0620-03B9-0993-D16D0EC4B0BB}.Release|Any CPU.ActiveCfg = Release|Any CPU
		{AF8BDA2E-0620-03B9-0993-D16D0EC4B0BB}.Release|Any CPU.Build.0 = Release|Any CPU
		{71156D39-0669-8077-0E72-9E849354C854}.Debug|Any CPU.ActiveCfg = Debug|Any CPU
		{71156D39-0669-8077-0E72-9E849354C854}.Debug|Any CPU.Build.0 = Debug|Any CPU
		{71156D39-0669-8077-0E72-9E849354C854}.Release|Any CPU.ActiveCfg = Release|Any CPU
		{71156D39-0669-8077-0E72-9E849354C854}.Release|Any CPU.Build.0 = Release|Any CPU
		{B5CA53CD-AE3F-169A-5DED-183B1615B897}.Debug|Any CPU.ActiveCfg = Debug|Any CPU
		{B5CA53CD-AE3F-169A-5DED-183B1615B897}.Debug|Any CPU.Build.0 = Debug|Any CPU
		{B5CA53CD-AE3F-169A-5DED-183B1615B897}.Release|Any CPU.ActiveCfg = Release|Any CPU
		{B5CA53CD-AE3F-169A-5DED-183B1615B897}.Release|Any CPU.Build.0 = Release|Any CPU
		{78ECF307-9DB8-0627-34A5-068DC8AA4D31}.Debug|Any CPU.ActiveCfg = Debug|Any CPU
		{78ECF307-9DB8-0627-34A5-068DC8AA4D31}.Debug|Any CPU.Build.0 = Debug|Any CPU
		{78ECF307-9DB8-0627-34A5-068DC8AA4D31}.Release|Any CPU.ActiveCfg = Release|Any CPU
		{78ECF307-9DB8-0627-34A5-068DC8AA4D31}.Release|Any CPU.Build.0 = Release|Any CPU
		{C5E45114-3B85-52E8-A350-BA25AB45A802}.Debug|Any CPU.ActiveCfg = Debug|Any CPU
		{C5E45114-3B85-52E8-A350-BA25AB45A802}.Debug|Any CPU.Build.0 = Debug|Any CPU
		{C5E45114-3B85-52E8-A350-BA25AB45A802}.Release|Any CPU.ActiveCfg = Release|Any CPU
		{C5E45114-3B85-52E8-A350-BA25AB45A802}.Release|Any CPU.Build.0 = Release|Any CPU
		{273D96C2-B9E8-7AF7-AD22-D7A2ABD23F1F}.Debug|Any CPU.ActiveCfg = Debug|Any CPU
		{273D96C2-B9E8-7AF7-AD22-D7A2ABD23F1F}.Debug|Any CPU.Build.0 = Debug|Any CPU
		{273D96C2-B9E8-7AF7-AD22-D7A2ABD23F1F}.Release|Any CPU.ActiveCfg = Release|Any CPU
		{273D96C2-B9E8-7AF7-AD22-D7A2ABD23F1F}.Release|Any CPU.Build.0 = Release|Any CPU
		{2AFC1E7A-260E-6469-4571-56490F12AA8B}.Debug|Any CPU.ActiveCfg = Debug|Any CPU
		{2AFC1E7A-260E-6469-4571-56490F12AA8B}.Debug|Any CPU.Build.0 = Debug|Any CPU
		{2AFC1E7A-260E-6469-4571-56490F12AA8B}.Release|Any CPU.ActiveCfg = Release|Any CPU
		{2AFC1E7A-260E-6469-4571-56490F12AA8B}.Release|Any CPU.Build.0 = Release|Any CPU
		{42F70D69-5B25-31AF-7740-324CE31CC6E6}.Debug|Any CPU.ActiveCfg = Debug|Any CPU
		{42F70D69-5B25-31AF-7740-324CE31CC6E6}.Debug|Any CPU.Build.0 = Debug|Any CPU
		{42F70D69-5B25-31AF-7740-324CE31CC6E6}.Release|Any CPU.ActiveCfg = Release|Any CPU
		{42F70D69-5B25-31AF-7740-324CE31CC6E6}.Release|Any CPU.Build.0 = Release|Any CPU
		{25D9EFA8-7508-59FB-9CB9-C506F02C4C36}.Debug|Any CPU.ActiveCfg = Debug|Any CPU
		{25D9EFA8-7508-59FB-9CB9-C506F02C4C36}.Debug|Any CPU.Build.0 = Debug|Any CPU
		{25D9EFA8-7508-59FB-9CB9-C506F02C4C36}.Release|Any CPU.ActiveCfg = Release|Any CPU
		{25D9EFA8-7508-59FB-9CB9-C506F02C4C36}.Release|Any CPU.Build.0 = Release|Any CPU
		{41FF97D9-80FE-F729-9A80-50DEAA373F8E}.Debug|Any CPU.ActiveCfg = Debug|Any CPU
		{41FF97D9-80FE-F729-9A80-50DEAA373F8E}.Debug|Any CPU.Build.0 = Debug|Any CPU
		{41FF97D9-80FE-F729-9A80-50DEAA373F8E}.Release|Any CPU.ActiveCfg = Release|Any CPU
		{41FF97D9-80FE-F729-9A80-50DEAA373F8E}.Release|Any CPU.Build.0 = Release|Any CPU
		{793ABCB4-02C6-FC58-7B79-E939E842E13A}.Debug|Any CPU.ActiveCfg = Debug|Any CPU
		{793ABCB4-02C6-FC58-7B79-E939E842E13A}.Debug|Any CPU.Build.0 = Debug|Any CPU
		{793ABCB4-02C6-FC58-7B79-E939E842E13A}.Release|Any CPU.ActiveCfg = Release|Any CPU
		{793ABCB4-02C6-FC58-7B79-E939E842E13A}.Release|Any CPU.Build.0 = Release|Any CPU
		{424242B1-A5F0-9B46-8D45-E058BEEE9CB9}.Debug|Any CPU.ActiveCfg = Debug|Any CPU
		{424242B1-A5F0-9B46-8D45-E058BEEE9CB9}.Debug|Any CPU.Build.0 = Debug|Any CPU
		{424242B1-A5F0-9B46-8D45-E058BEEE9CB9}.Release|Any CPU.ActiveCfg = Release|Any CPU
		{424242B1-A5F0-9B46-8D45-E058BEEE9CB9}.Release|Any CPU.Build.0 = Release|Any CPU
		{115BD9F3-696D-3E9C-313D-366ED19BAC38}.Debug|Any CPU.ActiveCfg = Debug|Any CPU
		{115BD9F3-696D-3E9C-313D-366ED19BAC38}.Debug|Any CPU.Build.0 = Debug|Any CPU
		{115BD9F3-696D-3E9C-313D-366ED19BAC38}.Release|Any CPU.ActiveCfg = Release|Any CPU
		{115BD9F3-696D-3E9C-313D-366ED19BAC38}.Release|Any CPU.Build.0 = Release|Any CPU
		{2BCB696E-DAA7-3CB3-0644-2E1AD5C6ACFE}.Debug|Any CPU.ActiveCfg = Debug|Any CPU
		{2BCB696E-DAA7-3CB3-0644-2E1AD5C6ACFE}.Debug|Any CPU.Build.0 = Debug|Any CPU
		{2BCB696E-DAA7-3CB3-0644-2E1AD5C6ACFE}.Release|Any CPU.ActiveCfg = Release|Any CPU
		{2BCB696E-DAA7-3CB3-0644-2E1AD5C6ACFE}.Release|Any CPU.Build.0 = Release|Any CPU
		{0E27E3AF-9B3A-DE3A-DD8E-00319A5622F2}.Debug|Any CPU.ActiveCfg = Debug|Any CPU
		{0E27E3AF-9B3A-DE3A-DD8E-00319A5622F2}.Debug|Any CPU.Build.0 = Debug|Any CPU
		{0E27E3AF-9B3A-DE3A-DD8E-00319A5622F2}.Release|Any CPU.ActiveCfg = Release|Any CPU
		{0E27E3AF-9B3A-DE3A-DD8E-00319A5622F2}.Release|Any CPU.Build.0 = Release|Any CPU
		{7B9BE483-3284-8F5C-12E7-B01E8A554920}.Debug|Any CPU.ActiveCfg = Debug|Any CPU
		{7B9BE483-3284-8F5C-12E7-B01E8A554920}.Debug|Any CPU.Build.0 = Debug|Any CPU
		{7B9BE483-3284-8F5C-12E7-B01E8A554920}.Release|Any CPU.ActiveCfg = Release|Any CPU
		{7B9BE483-3284-8F5C-12E7-B01E8A554920}.Release|Any CPU.Build.0 = Release|Any CPU
		{EAFB9E51-94BF-809F-7BB4-D80A1D6BDF9B}.Debug|Any CPU.ActiveCfg = Debug|Any CPU
		{EAFB9E51-94BF-809F-7BB4-D80A1D6BDF9B}.Debug|Any CPU.Build.0 = Debug|Any CPU
		{EAFB9E51-94BF-809F-7BB4-D80A1D6BDF9B}.Release|Any CPU.ActiveCfg = Release|Any CPU
		{EAFB9E51-94BF-809F-7BB4-D80A1D6BDF9B}.Release|Any CPU.Build.0 = Release|Any CPU
		{31A28C82-FC63-6D47-3B72-E390F8E3A017}.Debug|Any CPU.ActiveCfg = Debug|Any CPU
		{31A28C82-FC63-6D47-3B72-E390F8E3A017}.Debug|Any CPU.Build.0 = Debug|Any CPU
		{31A28C82-FC63-6D47-3B72-E390F8E3A017}.Release|Any CPU.ActiveCfg = Release|Any CPU
		{31A28C82-FC63-6D47-3B72-E390F8E3A017}.Release|Any CPU.Build.0 = Release|Any CPU
		{C659943A-05FE-1E1A-6F32-A92EB8E28DDC}.Debug|Any CPU.ActiveCfg = Debug|Any CPU
		{C659943A-05FE-1E1A-6F32-A92EB8E28DDC}.Debug|Any CPU.Build.0 = Debug|Any CPU
		{C659943A-05FE-1E1A-6F32-A92EB8E28DDC}.Release|Any CPU.ActiveCfg = Release|Any CPU
		{C659943A-05FE-1E1A-6F32-A92EB8E28DDC}.Release|Any CPU.Build.0 = Release|Any CPU
		{9F2D0FD6-3001-5985-F585-6425EB984C15}.Debug|Any CPU.ActiveCfg = Debug|Any CPU
		{9F2D0FD6-3001-5985-F585-6425EB984C15}.Debug|Any CPU.Build.0 = Debug|Any CPU
		{9F2D0FD6-3001-5985-F585-6425EB984C15}.Release|Any CPU.ActiveCfg = Release|Any CPU
		{9F2D0FD6-3001-5985-F585-6425EB984C15}.Release|Any CPU.Build.0 = Release|Any CPU
		{298055D8-FE2F-2253-B228-D54FFC65C7DB}.Debug|Any CPU.ActiveCfg = Debug|Any CPU
		{298055D8-FE2F-2253-B228-D54FFC65C7DB}.Debug|Any CPU.Build.0 = Debug|Any CPU
		{298055D8-FE2F-2253-B228-D54FFC65C7DB}.Release|Any CPU.ActiveCfg = Release|Any CPU
		{298055D8-FE2F-2253-B228-D54FFC65C7DB}.Release|Any CPU.Build.0 = Release|Any CPU
		{0CC3299F-56AC-5594-5F87-90C7A7EA30E3}.Debug|Any CPU.ActiveCfg = Debug|Any CPU
		{0CC3299F-56AC-5594-5F87-90C7A7EA30E3}.Debug|Any CPU.Build.0 = Debug|Any CPU
		{0CC3299F-56AC-5594-5F87-90C7A7EA30E3}.Release|Any CPU.ActiveCfg = Release|Any CPU
		{0CC3299F-56AC-5594-5F87-90C7A7EA30E3}.Release|Any CPU.Build.0 = Release|Any CPU
		{D420E467-6642-36AD-8355-2A53FFA0ECC3}.Debug|Any CPU.ActiveCfg = Debug|Any CPU
		{D420E467-6642-36AD-8355-2A53FFA0ECC3}.Debug|Any CPU.Build.0 = Debug|Any CPU
		{D420E467-6642-36AD-8355-2A53FFA0ECC3}.Release|Any CPU.ActiveCfg = Release|Any CPU
		{D420E467-6642-36AD-8355-2A53FFA0ECC3}.Release|Any CPU.Build.0 = Release|Any CPU
		{8D50A9BB-9989-132B-44C2-89F39D62D036}.Debug|Any CPU.ActiveCfg = Debug|Any CPU
		{8D50A9BB-9989-132B-44C2-89F39D62D036}.Debug|Any CPU.Build.0 = Debug|Any CPU
		{8D50A9BB-9989-132B-44C2-89F39D62D036}.Release|Any CPU.ActiveCfg = Release|Any CPU
		{8D50A9BB-9989-132B-44C2-89F39D62D036}.Release|Any CPU.Build.0 = Release|Any CPU
		{9A56D1C9-18A5-58C9-D988-0928AD603AB5}.Debug|Any CPU.ActiveCfg = Debug|Any CPU
		{9A56D1C9-18A5-58C9-D988-0928AD603AB5}.Debug|Any CPU.Build.0 = Debug|Any CPU
		{9A56D1C9-18A5-58C9-D988-0928AD603AB5}.Release|Any CPU.ActiveCfg = Release|Any CPU
		{9A56D1C9-18A5-58C9-D988-0928AD603AB5}.Release|Any CPU.Build.0 = Release|Any CPU
		{9BC8E144-9476-D2D7-4FE3-535C94832120}.Debug|Any CPU.ActiveCfg = Debug|Any CPU
		{9BC8E144-9476-D2D7-4FE3-535C94832120}.Debug|Any CPU.Build.0 = Debug|Any CPU
		{9BC8E144-9476-D2D7-4FE3-535C94832120}.Release|Any CPU.ActiveCfg = Release|Any CPU
		{9BC8E144-9476-D2D7-4FE3-535C94832120}.Release|Any CPU.Build.0 = Release|Any CPU
		{BDF896F0-0CD0-4273-DA12-B1A497507CAF}.Debug|Any CPU.ActiveCfg = Debug|Any CPU
		{BDF896F0-0CD0-4273-DA12-B1A497507CAF}.Debug|Any CPU.Build.0 = Debug|Any CPU
		{BDF896F0-0CD0-4273-DA12-B1A497507CAF}.Release|Any CPU.ActiveCfg = Release|Any CPU
		{BDF896F0-0CD0-4273-DA12-B1A497507CAF}.Release|Any CPU.Build.0 = Release|Any CPU
		{BC6C6059-7A49-FF92-02F8-48DC4732BD67}.Debug|Any CPU.ActiveCfg = Debug|Any CPU
		{BC6C6059-7A49-FF92-02F8-48DC4732BD67}.Debug|Any CPU.Build.0 = Debug|Any CPU
		{BC6C6059-7A49-FF92-02F8-48DC4732BD67}.Release|Any CPU.ActiveCfg = Release|Any CPU
		{BC6C6059-7A49-FF92-02F8-48DC4732BD67}.Release|Any CPU.Build.0 = Release|Any CPU
		{D2240598-83BD-D2EE-EF32-E27263A71282}.Debug|Any CPU.ActiveCfg = Debug|Any CPU
		{D2240598-83BD-D2EE-EF32-E27263A71282}.Debug|Any CPU.Build.0 = Debug|Any CPU
		{D2240598-83BD-D2EE-EF32-E27263A71282}.Release|Any CPU.ActiveCfg = Release|Any CPU
		{D2240598-83BD-D2EE-EF32-E27263A71282}.Release|Any CPU.Build.0 = Release|Any CPU
		{FFDA6819-B5F8-7F8D-1B7D-2BD72DEF12C2}.Debug|Any CPU.ActiveCfg = Debug|Any CPU
		{FFDA6819-B5F8-7F8D-1B7D-2BD72DEF12C2}.Debug|Any CPU.Build.0 = Debug|Any CPU
		{FFDA6819-B5F8-7F8D-1B7D-2BD72DEF12C2}.Release|Any CPU.ActiveCfg = Release|Any CPU
		{FFDA6819-B5F8-7F8D-1B7D-2BD72DEF12C2}.Release|Any CPU.Build.0 = Release|Any CPU
		{F8947996-89CD-70ED-79D5-26A2AA604229}.Debug|Any CPU.ActiveCfg = Debug|Any CPU
		{F8947996-89CD-70ED-79D5-26A2AA604229}.Debug|Any CPU.Build.0 = Debug|Any CPU
		{F8947996-89CD-70ED-79D5-26A2AA604229}.Release|Any CPU.ActiveCfg = Release|Any CPU
		{F8947996-89CD-70ED-79D5-26A2AA604229}.Release|Any CPU.Build.0 = Release|Any CPU
		{B68A5BD3-A9C4-245C-600E-AE1502EA98AB}.Debug|Any CPU.ActiveCfg = Debug|Any CPU
		{B68A5BD3-A9C4-245C-600E-AE1502EA98AB}.Debug|Any CPU.Build.0 = Debug|Any CPU
		{B68A5BD3-A9C4-245C-600E-AE1502EA98AB}.Release|Any CPU.ActiveCfg = Release|Any CPU
		{B68A5BD3-A9C4-245C-600E-AE1502EA98AB}.Release|Any CPU.Build.0 = Release|Any CPU
		{44CB4F3B-F24C-C081-EB3D-56CC6EEF3CA6}.Debug|Any CPU.ActiveCfg = Debug|Any CPU
		{44CB4F3B-F24C-C081-EB3D-56CC6EEF3CA6}.Debug|Any CPU.Build.0 = Debug|Any CPU
		{44CB4F3B-F24C-C081-EB3D-56CC6EEF3CA6}.Release|Any CPU.ActiveCfg = Release|Any CPU
		{44CB4F3B-F24C-C081-EB3D-56CC6EEF3CA6}.Release|Any CPU.Build.0 = Release|Any CPU
		{FD56DDEB-4A2F-16DA-F633-983DC604E857}.Debug|Any CPU.ActiveCfg = Debug|Any CPU
		{FD56DDEB-4A2F-16DA-F633-983DC604E857}.Debug|Any CPU.Build.0 = Debug|Any CPU
		{FD56DDEB-4A2F-16DA-F633-983DC604E857}.Release|Any CPU.ActiveCfg = Release|Any CPU
		{FD56DDEB-4A2F-16DA-F633-983DC604E857}.Release|Any CPU.Build.0 = Release|Any CPU
		{28A87548-93A1-AC86-FC62-E254C0523933}.Debug|Any CPU.ActiveCfg = Debug|Any CPU
		{28A87548-93A1-AC86-FC62-E254C0523933}.Debug|Any CPU.Build.0 = Debug|Any CPU
		{28A87548-93A1-AC86-FC62-E254C0523933}.Release|Any CPU.ActiveCfg = Release|Any CPU
		{28A87548-93A1-AC86-FC62-E254C0523933}.Release|Any CPU.Build.0 = Release|Any CPU
		{79A8C600-C704-DA08-2BB8-FFCA369478CC}.Debug|Any CPU.ActiveCfg = Debug|Any CPU
		{79A8C600-C704-DA08-2BB8-FFCA369478CC}.Debug|Any CPU.Build.0 = Debug|Any CPU
		{79A8C600-C704-DA08-2BB8-FFCA369478CC}.Release|Any CPU.ActiveCfg = Release|Any CPU
		{79A8C600-C704-DA08-2BB8-FFCA369478CC}.Release|Any CPU.Build.0 = Release|Any CPU
		{F184E320-94AF-3AE6-9866-4BFCBCD2BBEF}.Debug|Any CPU.ActiveCfg = Debug|Any CPU
		{F184E320-94AF-3AE6-9866-4BFCBCD2BBEF}.Debug|Any CPU.Build.0 = Debug|Any CPU
		{F184E320-94AF-3AE6-9866-4BFCBCD2BBEF}.Release|Any CPU.ActiveCfg = Release|Any CPU
		{F184E320-94AF-3AE6-9866-4BFCBCD2BBEF}.Release|Any CPU.Build.0 = Release|Any CPU
		{0C6D2E5B-FD78-900C-7B69-4A0FD38FB64D}.Debug|Any CPU.ActiveCfg = Debug|Any CPU
		{0C6D2E5B-FD78-900C-7B69-4A0FD38FB64D}.Debug|Any CPU.Build.0 = Debug|Any CPU
		{0C6D2E5B-FD78-900C-7B69-4A0FD38FB64D}.Release|Any CPU.ActiveCfg = Release|Any CPU
		{0C6D2E5B-FD78-900C-7B69-4A0FD38FB64D}.Release|Any CPU.Build.0 = Release|Any CPU
		{94B9B605-A42A-4B49-DF4C-E7A40797DF6B}.Debug|Any CPU.ActiveCfg = Debug|Any CPU
		{94B9B605-A42A-4B49-DF4C-E7A40797DF6B}.Debug|Any CPU.Build.0 = Debug|Any CPU
		{94B9B605-A42A-4B49-DF4C-E7A40797DF6B}.Release|Any CPU.ActiveCfg = Release|Any CPU
		{94B9B605-A42A-4B49-DF4C-E7A40797DF6B}.Release|Any CPU.Build.0 = Release|Any CPU
		{B83BB6CD-5BE6-5429-B484-14764906EC6D}.Debug|Any CPU.ActiveCfg = Debug|Any CPU
		{B83BB6CD-5BE6-5429-B484-14764906EC6D}.Debug|Any CPU.Build.0 = Debug|Any CPU
		{B83BB6CD-5BE6-5429-B484-14764906EC6D}.Release|Any CPU.ActiveCfg = Release|Any CPU
		{B83BB6CD-5BE6-5429-B484-14764906EC6D}.Release|Any CPU.Build.0 = Release|Any CPU
		{A6E55431-4BD2-3CD1-81EA-237B696A43C8}.Debug|Any CPU.ActiveCfg = Debug|Any CPU
		{A6E55431-4BD2-3CD1-81EA-237B696A43C8}.Debug|Any CPU.Build.0 = Debug|Any CPU
		{A6E55431-4BD2-3CD1-81EA-237B696A43C8}.Release|Any CPU.ActiveCfg = Release|Any CPU
		{A6E55431-4BD2-3CD1-81EA-237B696A43C8}.Release|Any CPU.Build.0 = Release|Any CPU
		{A5D5C5A1-D1B2-A867-4760-F1A566E78E11}.Debug|Any CPU.ActiveCfg = Debug|Any CPU
		{A5D5C5A1-D1B2-A867-4760-F1A566E78E11}.Debug|Any CPU.Build.0 = Debug|Any CPU
		{A5D5C5A1-D1B2-A867-4760-F1A566E78E11}.Release|Any CPU.ActiveCfg = Release|Any CPU
		{A5D5C5A1-D1B2-A867-4760-F1A566E78E11}.Release|Any CPU.Build.0 = Release|Any CPU
		{25BB0872-1063-FEE4-2F34-B85954A8A4DE}.Debug|Any CPU.ActiveCfg = Debug|Any CPU
		{25BB0872-1063-FEE4-2F34-B85954A8A4DE}.Debug|Any CPU.Build.0 = Debug|Any CPU
		{25BB0872-1063-FEE4-2F34-B85954A8A4DE}.Release|Any CPU.ActiveCfg = Release|Any CPU
		{25BB0872-1063-FEE4-2F34-B85954A8A4DE}.Release|Any CPU.Build.0 = Release|Any CPU
		{FD8AFA82-987B-F9DC-F682-F534B8B96D6D}.Debug|Any CPU.ActiveCfg = Debug|Any CPU
		{FD8AFA82-987B-F9DC-F682-F534B8B96D6D}.Debug|Any CPU.Build.0 = Debug|Any CPU
		{FD8AFA82-987B-F9DC-F682-F534B8B96D6D}.Release|Any CPU.ActiveCfg = Release|Any CPU
		{FD8AFA82-987B-F9DC-F682-F534B8B96D6D}.Release|Any CPU.Build.0 = Release|Any CPU
	EndGlobalSection
	GlobalSection(SolutionProperties) = preSolution
		HideSolutionNode = FALSE
	EndGlobalSection
EndGlobal
